
Microsoft Visual Studio Solution File, Format Version 12.00
# Visual Studio Version 17
VisualStudioVersion = 17.14.36109.1
MinimumVisualStudioVersion = 10.0.40219.1
Project("{FAE04EC0-301F-11D3-BF4B-00C04F79EFBC}") = "WinFromsLibraryMini", "WinFromsLibraryMini\WinFromsLibraryMini.csproj", "{B797C6C9-4BAD-4961-9D93-545AB50C43A1}"
EndProject
Project("{FAE04EC0-301F-11D3-BF4B-00C04F79EFBC}") = "LibraryModels", "DbHelp\LibraryModels.csproj", "{3158DB87-E827-40E1-B579-41AF7EBDF7CD}"
EndProject
Project("{FAE04EC0-301F-11D3-BF4B-00C04F79EFBC}") = "LibraryBLL", "LibraryBLL\LibraryBLL.csproj", "{0C321EC3-BA8A-4C86-8D7A-8B1CF09E49FE}"
EndProject
Project("{FAE04EC0-301F-11D3-BF4B-00C04F79EFBC}") = "LibraryDAL", "LibraryDAL\LibraryDAL.csproj", "{91E8CFD3-388B-4728-8696-7CDFD4D46C4F}"
EndProject
Global
	GlobalSection(SolutionConfigurationPlatforms) = preSolution
		Debug|Any CPU = Debug|Any CPU
		Release|Any CPU = Release|Any CPU
	EndGlobalSection
	GlobalSection(ProjectConfigurationPlatforms) = postSolution
		{B797C6C9-4BAD-4961-9D93-545AB50C43A1}.Debug|Any CPU.ActiveCfg = Debug|Any CPU
		{B797C6C9-4BAD-4961-9D93-545AB50C43A1}.Debug|Any CPU.Build.0 = Debug|Any CPU
		{B797C6C9-4BAD-4961-9D93-545AB50C43A1}.Release|Any CPU.ActiveCfg = Release|Any CPU
		{B797C6C9-4BAD-4961-9D93-545AB50C43A1}.Release|Any CPU.Build.0 = Release|Any CPU
		{3158DB87-E827-40E1-B579-41AF7EBDF7CD}.Debug|Any CPU.ActiveCfg = Debug|Any CPU
		{3158DB87-E827-40E1-B579-41AF7EBDF7CD}.Debug|Any CPU.Build.0 = Debug|Any CPU
		{3158DB87-E827-40E1-B579-41AF7EBDF7CD}.Release|Any CPU.ActiveCfg = Release|Any CPU
		{3158DB87-E827-40E1-B579-41AF7EBDF7CD}.Release|Any CPU.Build.0 = Release|Any CPU
		{0C321EC3-BA8A-4C86-8D7A-8B1CF09E49FE}.Debug|Any CPU.ActiveCfg = Debug|Any CPU
		{0C321EC3-BA8A-4C86-8D7A-8B1CF09E49FE}.Debug|Any CPU.Build.0 = Debug|Any CPU
		{0C321EC3-BA8A-4C86-8D7A-8B1CF09E49FE}.Release|Any CPU.ActiveCfg = Release|Any CPU
		{0C321EC3-BA8A-4C86-8D7A-8B1CF09E49FE}.Release|Any CPU.Build.0 = Release|Any CPU
		{91E8CFD3-388B-4728-8696-7CDFD4D46C4F}.Debug|Any CPU.ActiveCfg = Debug|Any CPU
		{91E8CFD3-388B-4728-8696-7CDFD4D46C4F}.Debug|Any CPU.Build.0 = Debug|Any CPU
		{91E8CFD3-388B-4728-8696-7CDFD4D46C4F}.Release|Any CPU.ActiveCfg = Release|Any CPU
		{91E8CFD3-388B-4728-8696-7CDFD4D46C4F}.Release|Any CPU.Build.0 = Release|Any CPU
	EndGlobalSection
	GlobalSection(SolutionProperties) = preSolution
		HideSolutionNode = FALSE
	EndGlobalSection
	GlobalSection(ExtensibilityGlobals) = postSolution
		SolutionGuid = {5F737C3A-7610-4D74-9DDE-8D4A00321EFA}
	EndGlobalSection
EndGlobal
